
Microsoft Visual Studio Solution File, Format Version 12.00
Project("{FAE04EC0-301F-11D3-BF4B-00C04F79EFBC}") = "Agrigate.Api", "Agrigate.Api\Agrigate.Api.csproj", "{906E1B10-641D-432A-9041-67C39AF23D57}"
EndProject
Global
	GlobalSection(SolutionConfigurationPlatforms) = preSolution
		Debug|Any CPU = Debug|Any CPU
		Release|Any CPU = Release|Any CPU
	EndGlobalSection
	GlobalSection(ProjectConfigurationPlatforms) = postSolution
		{906E1B10-641D-432A-9041-67C39AF23D57}.Debug|Any CPU.ActiveCfg = Debug|Any CPU
		{906E1B10-641D-432A-9041-67C39AF23D57}.Debug|Any CPU.Build.0 = Debug|Any CPU
		{906E1B10-641D-432A-9041-67C39AF23D57}.Release|Any CPU.ActiveCfg = Release|Any CPU
		{906E1B10-641D-432A-9041-67C39AF23D57}.Release|Any CPU.Build.0 = Release|Any CPU
	EndGlobalSection
EndGlobal
