
Microsoft Visual Studio Solution File, Format Version 12.00
Project("{FAE04EC0-301F-11D3-BF4B-00C04F79EFBC}") = "Agrigate.Core", "Agrigate.Core\Agrigate.Core.csproj", "{7D1CCDE1-3A4B-4A58-A846-AF28A2C9F77C}"
EndProject
Global
	GlobalSection(SolutionConfigurationPlatforms) = preSolution
		Debug|Any CPU = Debug|Any CPU
		Release|Any CPU = Release|Any CPU
	EndGlobalSection
	GlobalSection(ProjectConfigurationPlatforms) = postSolution
		{7D1CCDE1-3A4B-4A58-A846-AF28A2C9F77C}.Debug|Any CPU.ActiveCfg = Debug|Any CPU
		{7D1CCDE1-3A4B-4A58-A846-AF28A2C9F77C}.Debug|Any CPU.Build.0 = Debug|Any CPU
		{7D1CCDE1-3A4B-4A58-A846-AF28A2C9F77C}.Release|Any CPU.ActiveCfg = Release|Any CPU
		{7D1CCDE1-3A4B-4A58-A846-AF28A2C9F77C}.Release|Any CPU.Build.0 = Release|Any CPU
	EndGlobalSection
EndGlobal
